<Solution>
  <Folder Name="/Solution Items/">
    <File Path="../.gitignore" />
    <File Path="../readme.md" />
    <File Path="../.editorconfig" />
    <File Path="../.gitattributes" />
    <File Path="appveyor.yml" />
    <File Path="Directory.Build.props" />
    <File Path="Directory.Packages.props" />
    <File Path="global.json" />
    <File Path="mdsnippets.json" />
  </Folder>
  <Project Path="PandocNet/Pandoc.csproj" />
  <Project Path="Tests/Tests.csproj" />
</Solution>